version = 1
revision = 3
requires-python = ">=3.12"
resolution-markers = [
    "python_full_version >= '3.14'",
    "python_full_version == '3.13.*'",
    "python_full_version < '3.13'",
]

[[package]]
name = "certifi"
version = "2025.2.5"
source = { registry = "https://pypi.org/simple" }
sdist = { url = "https://files.pythonhosted.org/packages/4a/da/90499641753177694f48373b50882e4e16d400030514f77f37ed194c7940/certifi-2025.2.5.tar.gz", hash = "sha256:46e6a1005f77874945d8b851b4390b171789c6708cf14562512f451f280e8f66", size = 168249, upload-time = "2025-02-11T16:04:15.545Z" }
wheels = [
    { url = "https://files.pythonhosted.org/packages/c0/83/889601d0a51608d011559810411d9d93610931e9c522067711904e5436ca/certifi-2025.2.5-py3-none-any.whl", hash = "sha256:063d9171746f345862804d9e2b6e15488424168c4623101c10d32e921d7b3260", size = 167232, upload-time = "2025-02-11T16:04:14.316Z" },
]

[[package]]
name = "cftime"
version = "1.6.4"
source = { registry = "https://pypi.org/simple" }
dependencies = [
    { name = "numpy" },
]
sdist = { url = "https://files.pythonhosted.org/packages/5e/bc/c7102e3b2e3f4347209141f237979601445100063259976378c78c2e64ca/cftime-1.6.4.tar.gz", hash = "sha256:0dfc109786a7d5f0e972f7d9fa4571c4c810a97c4146a4892c5545a967f8b9ec", size = 53896, upload-time = "2024-05-24T18:14:40.063Z" }

[[package]]
name = "contourpy"
version = "1.3.1"
source = { registry = "https://pypi.org/simple" }
dependencies = [
    { name = "numpy" },
]

[[package]]
name = "cycler"
version = "0.12.1"
source = { registry = "https://pypi.org/simple" }

[[package]]
name = "fonttools"
version = "4.56.0"
source = { registry = "https://pypi.org/simple" }

[[package]]
name = "kiwisolver"
version = "1.4.8"
source = { registry = "https://pypi.org/simple" }

[[package]]
name = "matplotlib"
version = "3.10.0"
source = { registry = "https://pypi.org/simple" }
dependencies = [
    { name = "contourpy" },
    { name = "cycler" },
    { name = "fonttools" },
    { name = "kiwisolver" },
    { name = "numpy" },
    { name = "packaging" },
    { name = "pillow" },
    { name = "pyparsing" },
    { name = "python-dateutil" },
]

[[package]]
name = "netcdf4"
version = "1.7.2"
source = { registry = "https://pypi.org/simple" }
dependencies = [
    { name = "certifi" },
    { name = "cftime" },
    { name = "numpy" },
]

[[package]]
name = "numpy"
version = "2.2.3"
source = { registry = "https://pypi.org/simple" }

[[package]]
name = "packaging"
version = "24.2"
source = { registry = "https://pypi.org/simple" }

[[package]]
name = "pillow"
version = "11.1.0"
source = { registry = "https://pypi.org/simple" }

[[package]]
name = "pyproj"
version = "3.7.0"
source = { registry = "https://pypi.org/simple" }
dependencies = [
    { name = "certifi" },
]

[[package]]
name = "pyparsing"
version = "3.2.1"
source = { registry = "https://pypi.org/simple" }

[[package]]
name = "python-dateutil"
version = "2.9.0.post0"
source = { registry = "https://pypi.org/simple" }
dependencies = [
    { name = "six" },
]

[[package]]
name = "six"
version = "1.17.0"
source = { registry = "https://pypi.org/simple" }

[[package]]
name = "xarray"
version = "2025.1.2"
source = { registry = "https://pypi.org/simple" }
dependencies = [
    { name = "numpy" },
    { name = "packaging" },
    { name = "pandas" },
]

[[package]]
name = "pandas"
version = "2.2.3"
source = { registry = "https://pypi.org/simple" }
dependencies = [
    { name = "numpy" },
    { name = "python-dateutil" },
    { name = "tzdata" },
]

[[package]]
name = "tzdata"
version = "2025.1"
source = { registry = "https://pypi.org/simple" }